
Microsoft Visual Studio Solution File, Format Version 12.00
# Visual Studio Version 17
VisualStudioVersion = 17.4.33213.308
MinimumVisualStudioVersion = 10.0.40219.1
Project("{FAE04EC0-301F-11D3-BF4B-00C04F79EFBC}") = "ConsoleApp9", "ConsoleApp9\ConsoleApp9.csproj", "{8E881CD7-894F-44F9-BCD2-70662B3C2AB7}"
EndProject
Global
	GlobalSection(SolutionConfigurationPlatforms) = preSolution
		Debug|Any CPU = Debug|Any CPU
		Release|Any CPU = Release|Any CPU
	EndGlobalSection
	GlobalSection(ProjectConfigurationPlatforms) = postSolution
		{8E881CD7-894F-44F9-BCD2-70662B3C2AB7}.Debug|Any CPU.ActiveCfg = Debug|Any CPU
		{8E881CD7-894F-44F9-BCD2-70662B3C2AB7}.Debug|Any CPU.Build.0 = Debug|Any CPU
		{8E881CD7-894F-44F9-BCD2-70662B3C2AB7}.Release|Any CPU.ActiveCfg = Release|Any CPU
		{8E881CD7-894F-44F9-BCD2-70662B3C2AB7}.Release|Any CPU.Build.0 = Release|Any CPU
	EndGlobalSection
	GlobalSection(SolutionProperties) = preSolution
		HideSolutionNode = FALSE
	EndGlobalSection
	GlobalSection(ExtensibilityGlobals) = postSolution
		SolutionGuid = {B7E5ED58-F3F2-4384-9F28-87A24A8B7906}
	EndGlobalSection
EndGlobal
